{
  "name": "pre-ship-checklist-skill",
  "version": "0.2.0",
  "lockfileVersion": 3,
  "requires": true,
  "packages": {
    "": {
      "name": "pre-ship-checklist-skill",
      "version": "0.2.0",
      "license": "MIT",
      "bin": {
        "pre-ship-checklist-skill": "bin/pre-ship-checklist-skill.js"
      },
      "engines": {
        "node": ">=18"
      }
    }
  }
}
